{
  "version": 4,
  "terraform_version": "1.9.1",
  "serial": 10,
  "lineage": "de0e3114-4497-d58c-f3f2-61a79459e5ac",
  "outputs": {
    "appserver": {
      "value": "    Instance Id: \"i-07c08d028724c65bb\"\r\n    Private IP:  \"10.0.2.203\"\r\n    InstanceAZ:  \"ap-southeast-1b\"\r\n",
      "type": "string"
    },
    "password": {
      "value": "ioxdtHKITjlD5NT)A-@mi;dTpZnDt\u0026UP",
      "type": "string"
    }
  },
  "resources": [
    {
      "module": "module.appserver",
      "mode": "data",
      "type": "aws_kms_key",
      "name": "current",
      "provider": "provider[\"registry.terraform.io/hashicorp/aws\"]",
      "instances": [
        {
          "schema_version": 0,
          "attributes": {
            "arn": "arn:aws:kms:ap-southeast-1:252955337664:key/26e5f3a0-1fa0-40dd-86bb-a1f82c1c859e",
            "aws_account_id": "252955337664",
            "cloud_hsm_cluster_id": "",
            "creation_date": "2025-06-02T13:10:56Z",
            "custom_key_store_id": "",
            "customer_master_key_spec": "SYMMETRIC_DEFAULT",
            "deletion_date": null,
            "description": "Default key that protects my EBS volumes when no other key is defined",
            "enabled": true,
            "expiration_model": "",
            "grant_tokens": null,
            "id": "26e5f3a0-1fa0-40dd-86bb-a1f82c1c859e",
            "key_id": "alias/aws/ebs",
            "key_manager": "AWS",
            "key_spec": "SYMMETRIC_DEFAULT",
            "key_state": "Enabled",
            "key_usage": "ENCRYPT_DECRYPT",
            "multi_region": false,
            "multi_region_configuration": [],
            "origin": "AWS_KMS",
            "pending_deletion_window_in_days": 0,
            "valid_to": null,
            "xks_key_configuration": []
          },
          "sensitive_attributes": []
        }
      ]
    },
    {
      "module": "module.appserver",
      "mode": "data",
      "type": "aws_security_group",
      "name": "app_sgs",
      "provider": "provider[\"registry.terraform.io/hashicorp/aws\"]",
      "instances": [
        {
          "index_key": 0,
          "schema_version": 0,
          "attributes": {
            "arn": "arn:aws:ec2:ap-southeast-1:252955337664:security-group/sg-0f42d340a745500e6",
            "description": "Allow Internal",
            "filter": null,
            "id": "sg-0f42d340a745500e6",
            "name": "Allow Internal",
            "tags": {},
            "timeouts": null,
            "vpc_id": "vpc-0b992410979a2bd99"
          },
          "sensitive_attributes": []
        }
      ]
    },
    {
      "module": "module.appserver",
      "mode": "data",
      "type": "aws_subnet",
      "name": "subnetdata",
      "provider": "provider[\"registry.terraform.io/hashicorp/aws\"]",
      "instances": [
        {
          "schema_version": 0,
          "attributes": {
            "arn": "arn:aws:ec2:ap-southeast-1:252955337664:subnet/subnet-0e0d512c6adb668ac",
            "assign_ipv6_address_on_creation": false,
            "availability_zone": "ap-southeast-1b",
            "availability_zone_id": "apse1-az1",
            "available_ip_address_count": 251,
            "cidr_block": "10.0.2.0/24",
            "customer_owned_ipv4_pool": "",
            "default_for_az": false,
            "enable_dns64": false,
            "enable_lni_at_device_index": 0,
            "enable_resource_name_dns_a_record_on_launch": false,
            "enable_resource_name_dns_aaaa_record_on_launch": false,
            "filter": null,
            "id": "subnet-0e0d512c6adb668ac",
            "ipv6_cidr_block": "",
            "ipv6_cidr_block_association_id": "",
            "ipv6_native": false,
            "map_customer_owned_ip_on_launch": false,
            "map_public_ip_on_launch": false,
            "outpost_arn": "",
            "owner_id": "252955337664",
            "private_dns_hostname_type_on_launch": "ip-name",
            "state": "available",
            "tags": {
              "Name": "Private-subnet"
            },
            "timeouts": null,
            "vpc_id": "vpc-0b992410979a2bd99"
          },
          "sensitive_attributes": []
        }
      ]
    },
    {
      "module": "module.appserver",
      "mode": "data",
      "type": "template_file",
      "name": "userdata",
      "provider": "provider[\"registry.terraform.io/hashicorp/template\"]",
      "instances": [
        {
          "index_key": 0,
          "schema_version": 0,
          "attributes": {
            "filename": null,
            "id": "33da691c0dcea06fe5bcfb9aebecd429a80027418a365f2bd050b858b5626169",
            "rendered": "\u003cpowershell\u003e\r\n\r\nStart-Transcript -Path \"C:\\ProgramData\\Amazon\\EC2-Windows\\Launch\\Log\\UserDataLog.log\" -Append -Force\r\n\r\n$command = \"C:\\BluePrism\\BPAutoInstall\\appserver\\setup.ps1\"\r\n$task = @{\r\n    TaskName = 'systemconfig'\r\n    Action   = New-ScheduledTaskAction -Execute PowerShell.exe -Argument \"-NoProfile -NonInteractive -WindowsStyle Hidden -File $command\"\r\n    Trigger  = New-ScheduledTaskTrigger -AtStartup\r\n    principal = New-ScheduledTaskPrincipal -UserId \"NT AUTHORITY\\SYSTEM\" -LogonType ServiceAccount -RunLevel Highest\r\n}\r\n\r\nRegister-ScheduledTask @task\r\n\r\nStart-BitsTransfer -Source 'https://blueprismconfigrepo.s3.amazonaws.com/BluePrism.zip' -Destination C:\\\r\nExpand-Archive -LiteralPath 'C:\\BluePrism.zip' -DestinationPath C:\\\r\n\r\n$domain_joined = (Get-WmiObject -Class Win32_ComputerSystem).PartOfDomain\r\nif($domain_joined -eq $false) {\r\nAdd-Computer -DomainName sony.invk.cloud -Credential (New-Object -Type PSCredential -Argument sony\\oktasync, (ConvertTo-SecureString \"Zxcvbnm123!\" -AsPlainText -Force)) -OUPath \"OU=INTC,OU=Computers,OU=BluePrism,DC=sony,DC=invk,DC=cloud\" -NewName \"appserver\"\r\nWrite-Output \"Domain join Complete\"\r\nRestart-Computer -Force\r\n\r\n}\r\n\r\nelse {\r\n    Write-Output \"Computer is already joined to domain\"\r\n    \r\n   \r\n}\r\n\r\n$BP = \"Blue Prism\"\r\n$installed = (Get-ItemProperty HKLM:\\Software\\Microsoft\\Windows\\CurrentVersion\\Uninstall\\* | Where { $_.DisplayName -eq $BP }) -ne $null\r\n\r\nIf(-Not $installed) {\r\n\r\n\r\nC:\\BluePrism\\BPAutoInstall\\appserver\\install.ps1\r\n#Start-Sleep -Seconds 600\r\ngpupdate /force\r\n\r\n}\r\n\r\nelse {\r\n    Write-Output \"$BP is already installed.\"\r\n\r\n    #Set SPN\r\n    psexec.exe -i -u \"sony\\oktasync\" -p \"Zxcvbnm123!\" -h cmd /c \"powershell -noninteractive -file C:\\BluePrism\\BPAutoInstall\\appserver\\spnconfig.ps1\"\r\n\r\n}\r\n\r\n\u003c/powershell\u003e\r\n\u003cpersist\u003etrue\u003c/persist\u003e",
            "template": "\u003cpowershell\u003e\r\n\r\nStart-Transcript -Path \"C:\\ProgramData\\Amazon\\EC2-Windows\\Launch\\Log\\UserDataLog.log\" -Append -Force\r\n\r\n$command = \"C:\\BluePrism\\BPAutoInstall\\appserver\\setup.ps1\"\r\n$task = @{\r\n    TaskName = 'systemconfig'\r\n    Action   = New-ScheduledTaskAction -Execute PowerShell.exe -Argument \"-NoProfile -NonInteractive -WindowsStyle Hidden -File $command\"\r\n    Trigger  = New-ScheduledTaskTrigger -AtStartup\r\n    principal = New-ScheduledTaskPrincipal -UserId \"NT AUTHORITY\\SYSTEM\" -LogonType ServiceAccount -RunLevel Highest\r\n}\r\n\r\nRegister-ScheduledTask @task\r\n\r\nStart-BitsTransfer -Source 'https://blueprismconfigrepo.s3.amazonaws.com/BluePrism.zip' -Destination C:\\\r\nExpand-Archive -LiteralPath 'C:\\BluePrism.zip' -DestinationPath C:\\\r\n\r\n$domain_joined = (Get-WmiObject -Class Win32_ComputerSystem).PartOfDomain\r\nif($domain_joined -eq $false) {\r\nAdd-Computer -DomainName ${domain} -Credential (New-Object -Type PSCredential -Argument ${username}, (ConvertTo-SecureString \"${adpass}\" -AsPlainText -Force)) -OUPath \"${ou}\" -NewName \"${shorthostname}\"\r\nWrite-Output \"Domain join Complete\"\r\nRestart-Computer -Force\r\n\r\n}\r\n\r\nelse {\r\n    Write-Output \"Computer is already joined to domain\"\r\n    \r\n   \r\n}\r\n\r\n$BP = \"Blue Prism\"\r\n$installed = (Get-ItemProperty HKLM:\\Software\\Microsoft\\Windows\\CurrentVersion\\Uninstall\\* | Where { $_.DisplayName -eq $BP }) -ne $null\r\n\r\nIf(-Not $installed) {\r\n\r\n\r\nC:\\BluePrism\\BPAutoInstall\\appserver\\install.ps1\r\n#Start-Sleep -Seconds 600\r\ngpupdate /force\r\n\r\n}\r\n\r\nelse {\r\n    Write-Output \"$BP is already installed.\"\r\n\r\n    #Set SPN\r\n    psexec.exe -i -u \"${username}\" -p \"${adpass}\" -h cmd /c \"powershell -noninteractive -file C:\\BluePrism\\BPAutoInstall\\appserver\\spnconfig.ps1\"\r\n\r\n}\r\n\r\n\u003c/powershell\u003e\r\n\u003cpersist\u003etrue\u003c/persist\u003e",
            "vars": {
              "adpass": "Zxcvbnm123!",
              "domain": "sony.invk.cloud",
              "ou": "OU=INTC,OU=Computers,OU=BluePrism,DC=sony,DC=invk,DC=cloud",
              "shorthostname": "appserver",
              "username": "sony\\oktasync"
            }
          },
          "sensitive_attributes": []
        }
      ]
    },
    {
      "module": "module.appserver",
      "mode": "managed",
      "type": "aws_instance",
      "name": "ec2",
      "provider": "provider[\"registry.terraform.io/hashicorp/aws\"]",
      "instances": [
        {
          "schema_version": 1,
          "attributes": {
            "ami": "ami-0b48565080da55df0",
            "arn": "arn:aws:ec2:ap-southeast-1:252955337664:instance/i-07c08d028724c65bb",
            "associate_public_ip_address": false,
            "availability_zone": "ap-southeast-1b",
            "capacity_reservation_specification": [
              {
                "capacity_reservation_preference": "open",
                "capacity_reservation_target": []
              }
            ],
            "cpu_core_count": 1,
            "cpu_options": [
              {
                "amd_sev_snp": "",
                "core_count": 1,
                "threads_per_core": 1
              }
            ],
            "cpu_threads_per_core": 1,
            "credit_specification": [
              {
                "cpu_credits": "standard"
              }
            ],
            "disable_api_stop": false,
            "disable_api_termination": false,
            "ebs_block_device": [],
            "ebs_optimized": false,
            "enable_primary_ipv6": null,
            "enclave_options": [
              {
                "enabled": false
              }
            ],
            "ephemeral_block_device": [],
            "get_password_data": true,
            "hibernation": false,
            "host_id": "",
            "host_resource_group_arn": null,
            "iam_instance_profile": "",
            "id": "i-07c08d028724c65bb",
            "instance_initiated_shutdown_behavior": "stop",
            "instance_lifecycle": "",
            "instance_market_options": [],
            "instance_state": "running",
            "instance_type": "t2.micro",
            "ipv6_address_count": 0,
            "ipv6_addresses": [],
            "key_name": "terraformkey",
            "launch_template": [],
            "maintenance_options": [
              {
                "auto_recovery": "default"
              }
            ],
            "metadata_options": [
              {
                "http_endpoint": "enabled",
                "http_protocol_ipv6": "disabled",
                "http_put_response_hop_limit": 1,
                "http_tokens": "optional",
                "instance_metadata_tags": "disabled"
              }
            ],
            "monitoring": false,
            "network_interface": [],
            "outpost_arn": "",
            "password_data": "jmRKuJSm/V8E5w6Alw8HxlK/S6gqIOotZgT+Ik8uX7RDwEqEkKZ6FXZSSSWyMExlgCMSRAuu3Zu/M0mVmRReHNgQSSvuuXHZLLpn7RlZWV9TakU4a/pUyU1/v3dgrxoKZh1uRYbnHFvZQghQZbGCfzmt3vdGGIQOfT938sTeJuR38r4MtsewautIJpTObT7UKoAGJTXu29RmG/zEcIYZLRlMnvgsjn3pQfrcIzEI0DjO5AoytcB4cwaavC+ATRYDuMFDSxkIBGrIoioEPvjMKw6zVsAwCzW7hN+ZHOXC1zwgEWnpgE9KcAsJh+aBy7jrj6NDBuoBZ/QFbfYJAFkNjA==",
            "placement_group": "",
            "placement_partition_number": 0,
            "primary_network_interface_id": "eni-072d8cbc6547a61f6",
            "private_dns": "ip-10-0-2-203.ap-southeast-1.compute.internal",
            "private_dns_name_options": [
              {
                "enable_resource_name_dns_a_record": false,
                "enable_resource_name_dns_aaaa_record": false,
                "hostname_type": "ip-name"
              }
            ],
            "private_ip": "10.0.2.203",
            "public_dns": "",
            "public_ip": "",
            "root_block_device": [
              {
                "delete_on_termination": true,
                "device_name": "/dev/sda1",
                "encrypted": true,
                "iops": 3000,
                "kms_key_id": "arn:aws:kms:ap-southeast-1:252955337664:key/26e5f3a0-1fa0-40dd-86bb-a1f82c1c859e",
                "tags": null,
                "tags_all": {},
                "throughput": 125,
                "volume_id": "vol-03c58f214940d0905",
                "volume_size": 100,
                "volume_type": "gp3"
              }
            ],
            "secondary_private_ips": [],
            "security_groups": [],
            "source_dest_check": true,
            "spot_instance_request_id": "",
            "subnet_id": "subnet-0e0d512c6adb668ac",
            "tags": {
              "Name": "appserver",
              "project": "miniproject",
              "users": "ksc"
            },
            "tags_all": {
              "Name": "appserver",
              "project": "miniproject",
              "users": "ksc"
            },
            "tenancy": "default",
            "timeouts": null,
            "user_data": "eddf3477866c856a2d635647c6364fa9fadfadb3",
            "user_data_base64": null,
            "user_data_replace_on_change": false,
            "volume_tags": {
              "Name": "appserver",
              "project": "miniproject",
              "users": "ksc"
            },
            "vpc_security_group_ids": [
              "sg-0f42d340a745500e6"
            ]
          },
          "sensitive_attributes": [],
          "private": "eyJlMmJmYjczMC1lY2FhLTExZTYtOGY4OC0zNDM2M2JjN2M0YzAiOnsiY3JlYXRlIjo2MDAwMDAwMDAwMDAsImRlbGV0ZSI6MTIwMDAwMDAwMDAwMCwicmVhZCI6OTAwMDAwMDAwMDAwLCJ1cGRhdGUiOjYwMDAwMDAwMDAwMH0sInNjaGVtYV92ZXJzaW9uIjoiMSJ9",
          "dependencies": [
            "module.appserver.data.aws_kms_key.current",
            "module.appserver.data.aws_security_group.app_sgs",
            "module.appserver.data.aws_subnet.subnetdata",
            "module.appserver.data.template_file.userdata"
          ]
        }
      ]
    }
  ],
  "check_results": null
}
